PODS:
  - AnyCodable-FlightSchool (0.4.1)
  - Base64 (1.1.2)
  - JWT (2.2.0):
    - Base64 (~> 1.1.2)
  - SMDarwin (1.1.0)
  - Starscream (4.0.4)
  - WebRTC_iOS (1.0.0)

DEPENDENCIES:
  - AnyCodable-FlightSchool (~> 0.4.0)
  - JWT (~> 2.2.0)
  - SMDarwin
  - Starscream (~> 4.0.0)
  - WebRTC_iOS

SPEC REPOS:
  "git@github.com:soulmachines/SoulMachines-Specs.git":
    - SMDarwin
    - WebRTC_iOS
  https://github.com/CocoaPods/Specs.git:
    - AnyCodable-FlightSchool
    - Base64
    - JWT
    - Starscream

SPEC CHECKSUMS:
  AnyCodable-FlightSchool: d27283db6e9feaddb0fa73a25835e5cdf41b3213
  Base64: cecfb41a004124895a7bcee567a89bae5a89d49b
  JWT: cf73c0ab0dac762df3de8a3f1164352089d97780
  SMDarwin: da93ee52329b2b67ff7f85eb47dc6d1f639625ff
  Starscream: 5178aed56b316f13fa3bc55694e583d35dd414d9
  WebRTC_iOS: 94b24ac6f1fc65df77f6c49570c98e249d183680

PODFILE CHECKSUM: af207e4fd589a4f867061b95b65b938ae9788b0c

COCOAPODS: 1.10.1
