// !$*UTF8*$!
{
	archiveVersion = 1;
	classes = {
	};
	objectVersion = 52;
	objects = {

/* Begin PBXBuildFile section */
		CD044B4F25E85E31009195DE /* SMDarwin in Frameworks */ = {isa = PBXBuildFile; productRef = CD044B4E25E85E31009195DE /* SMDarwin */; };
		CD66F62825E36253005F6F7B /* Starscream in Frameworks */ = {isa = PBXBuildFile; productRef = CD66F62725E36253005F6F7B /* Starscream */; };
		CD66F63425E362CD005F6F7B /* AnyCodable in Frameworks */ = {isa = PBXBuildFile; productRef = CD66F63325E362CD005F6F7B /* AnyCodable */; };
		CD8E4EFF258AAB4900EE353C /* AppDelegate.swift in Sources */ = {isa = PBXBuildFile; fileRef = CD8E4EFE258AAB4900EE353C /* AppDelegate.swift */; };
		CD8E4F01258AAB4900EE353C /* SceneDelegate.swift in Sources */ = {isa = PBXBuildFile; fileRef = CD8E4F00258AAB4900EE353C /* SceneDelegate.swift */; };
		CD8E4F03258AAB4900EE353C /* ViewController.swift in Sources */ = {isa = PBXBuildFile; fileRef = CD8E4F02258AAB4900EE353C /* ViewController.swift */; };
		CD8E4F06258AAB4900EE353C /* Main.storyboard in Resources */ = {isa = PBXBuildFile; fileRef = CD8E4F04258AAB4900EE353C /* Main.storyboard */; };
		CD8E4F08258AAB4A00EE353C /* Assets.xcassets in Resources */ = {isa = PBXBuildFile; fileRef = CD8E4F07258AAB4A00EE353C /* Assets.xcassets */; };
		CD8E4F0B258AAB4A00EE353C /* LaunchScreen.storyboard in Resources */ = {isa = PBXBuildFile; fileRef = CD8E4F09258AAB4A00EE353C /* LaunchScreen.storyboard */; };
		CD8E4F1A258AE5A900EE353C /* SettingsViewController.swift in Sources */ = {isa = PBXBuildFile; fileRef = CD8E4F19258AE5A900EE353C /* SettingsViewController.swift */; };
		CDA1A733269554B700CB0C85 /* WebRTC in Frameworks */ = {isa = PBXBuildFile; productRef = CDA1A732269554B700CB0C85 /* WebRTC */; };
		CDB4B3B5258C3C08008364E4 /* SwitchCell.swift in Sources */ = {isa = PBXBuildFile; fileRef = CDB4B3B4258C3C08008364E4 /* SwitchCell.swift */; };
		CDB4B3B7258C3C15008364E4 /* SwitchCell.xib in Resources */ = {isa = PBXBuildFile; fileRef = CDB4B3B6258C3C15008364E4 /* SwitchCell.xib */; };
		CDB4B3B9258C3C25008364E4 /* InputCell.swift in Sources */ = {isa = PBXBuildFile; fileRef = CDB4B3B8258C3C25008364E4 /* InputCell.swift */; };
		CDB4B3BB258C3C2E008364E4 /* InputCell.xib in Resources */ = {isa = PBXBuildFile; fileRef = CDB4B3BA258C3C2E008364E4 /* InputCell.xib */; };
		CDB4B3BD258C4CC5008364E4 /* ConfigId.swift in Sources */ = {isa = PBXBuildFile; fileRef = CDB4B3BC258C4CC5008364E4 /* ConfigId.swift */; };
		CDB4B3BF258C4D51008364E4 /* Localizable.strings in Resources */ = {isa = PBXBuildFile; fileRef = CDB4B3BE258C4D51008364E4 /* Localizable.strings */; };
		CDB4B3C2259030DD008364E4 /* SwiftJWT in Frameworks */ = {isa = PBXBuildFile; productRef = CDB4B3C1259030DD008364E4 /* SwiftJWT */; };
/* End PBXBuildFile section */

/* Begin PBXCopyFilesBuildPhase section */
		CD8E4F17258AAD0700EE353C /* Embed Frameworks */ = {
			isa = PBXCopyFilesBuildPhase;
			buildActionMask = 2147483647;
			dstPath = "";
			dstSubfolderSpec = 10;
			files = (
			);
			name = "Embed Frameworks";
			runOnlyForDeploymentPostprocessing = 0;
		};
/* End PBXCopyFilesBuildPhase section */

/* Begin PBXFileReference section */
		CD8E4EFB258AAB4900EE353C /* SMSwiftSample.app */ = {isa = PBXFileReference; explicitFileType = wrapper.application; includeInIndex = 0; path = SMSwiftSample.app; sourceTree = BUILT_PRODUCTS_DIR; };
		CD8E4EFE258AAB4900EE353C /* AppDelegate.swift */ = {isa = PBXFileReference; lastKnownFileType = sourcecode.swift; path = AppDelegate.swift; sourceTree = "<group>"; };
		CD8E4F00258AAB4900EE353C /* SceneDelegate.swift */ = {isa = PBXFileReference; lastKnownFileType = sourcecode.swift; path = SceneDelegate.swift; sourceTree = "<group>"; };
		CD8E4F02258AAB4900EE353C /* ViewController.swift */ = {isa = PBXFileReference; lastKnownFileType = sourcecode.swift; path = ViewController.swift; sourceTree = "<group>"; };
		CD8E4F05258AAB4900EE353C /* Base */ = {isa = PBXFileReference; lastKnownFileType = file.storyboard; name = Base; path = Base.lproj/Main.storyboard; sourceTree = "<group>"; };
		CD8E4F07258AAB4A00EE353C /* Assets.xcassets */ = {isa = PBXFileReference; lastKnownFileType = folder.assetcatalog; path = Assets.xcassets; sourceTree = "<group>"; };
		CD8E4F0A258AAB4A00EE353C /* Base */ = {isa = PBXFileReference; lastKnownFileType = file.storyboard; name = Base; path = Base.lproj/LaunchScreen.storyboard; sourceTree = "<group>"; };
		CD8E4F0C258AAB4A00EE353C /* Info.plist */ = {isa = PBXFileReference; lastKnownFileType = text.plist.xml; path = Info.plist; sourceTree = "<group>"; };
		CD8E4F14258AAD0600EE353C /* SMDarwin.xcframework */ = {isa = PBXFileReference; lastKnownFileType = wrapper.xcframework; name = SMDarwin.xcframework; path = ../Release/xcframeworks/SMDarwin.xcframework; sourceTree = "<group>"; };
		CD8E4F19258AE5A900EE353C /* SettingsViewController.swift */ = {isa = PBXFileReference; lastKnownFileType = sourcecode.swift; path = SettingsViewController.swift; sourceTree = "<group>"; };
		CDB4B3B4258C3C08008364E4 /* SwitchCell.swift */ = {isa = PBXFileReference; lastKnownFileType = sourcecode.swift; path = SwitchCell.swift; sourceTree = "<group>"; };
		CDB4B3B6258C3C15008364E4 /* SwitchCell.xib */ = {isa = PBXFileReference; lastKnownFileType = file.xib; path = SwitchCell.xib; sourceTree = "<group>"; };
		CDB4B3B8258C3C25008364E4 /* InputCell.swift */ = {isa = PBXFileReference; lastKnownFileType = sourcecode.swift; path = InputCell.swift; sourceTree = "<group>"; };
		CDB4B3BA258C3C2E008364E4 /* InputCell.xib */ = {isa = PBXFileReference; lastKnownFileType = file.xib; path = InputCell.xib; sourceTree = "<group>"; };
		CDB4B3BC258C4CC5008364E4 /* ConfigId.swift */ = {isa = PBXFileReference; lastKnownFileType = sourcecode.swift; path = ConfigId.swift; sourceTree = "<group>"; };
		CDB4B3BE258C4D51008364E4 /* Localizable.strings */ = {isa = PBXFileReference; lastKnownFileType = text.plist.strings; path = Localizable.strings; sourceTree = "<group>"; };
/* End PBXFileReference section */

/* Begin PBXFrameworksBuildPhase section */
		CD8E4EF8258AAB4900EE353C /* Frameworks */ = {
			isa = PBXFrameworksBuildPhase;
			buildActionMask = 2147483647;
			files = (
				CDA1A733269554B700CB0C85 /* WebRTC in Frameworks */,
				CD044B4F25E85E31009195DE /* SMDarwin in Frameworks */,
				CDB4B3C2259030DD008364E4 /* SwiftJWT in Frameworks */,
				CD66F62825E36253005F6F7B /* Starscream in Frameworks */,
				CD66F63425E362CD005F6F7B /* AnyCodable in Frameworks */,
			);
			runOnlyForDeploymentPostprocessing = 0;
		};
/* End PBXFrameworksBuildPhase section */

/* Begin PBXGroup section */
		CD8E4EF2258AAB4900EE353C = {
			isa = PBXGroup;
			children = (
				CD8E4EFD258AAB4900EE353C /* SMSwiftSample */,
				CD8E4EFC258AAB4900EE353C /* Products */,
				CD8E4F13258AAD0600EE353C /* Frameworks */,
			);
			sourceTree = "<group>";
		};
		CD8E4EFC258AAB4900EE353C /* Products */ = {
			isa = PBXGroup;
			children = (
				CD8E4EFB258AAB4900EE353C /* SMSwiftSample.app */,
			);
			name = Products;
			sourceTree = "<group>";
		};
		CD8E4EFD258AAB4900EE353C /* SMSwiftSample */ = {
			isa = PBXGroup;
			children = (
				CDB4B3B3258C3BF9008364E4 /* Cells */,
				CD8E4EFE258AAB4900EE353C /* AppDelegate.swift */,
				CD8E4F00258AAB4900EE353C /* SceneDelegate.swift */,
				CD8E4F02258AAB4900EE353C /* ViewController.swift */,
				CD8E4F19258AE5A900EE353C /* SettingsViewController.swift */,
				CD8E4F04258AAB4900EE353C /* Main.storyboard */,
				CD8E4F07258AAB4A00EE353C /* Assets.xcassets */,
				CD8E4F09258AAB4A00EE353C /* LaunchScreen.storyboard */,
				CD8E4F0C258AAB4A00EE353C /* Info.plist */,
				CDB4B3BC258C4CC5008364E4 /* ConfigId.swift */,
				CDB4B3BE258C4D51008364E4 /* Localizable.strings */,
			);
			path = SMSwiftSample;
			sourceTree = "<group>";
		};
		CD8E4F13258AAD0600EE353C /* Frameworks */ = {
			isa = PBXGroup;
			children = (
				CD8E4F14258AAD0600EE353C /* SMDarwin.xcframework */,
			);
			name = Frameworks;
			sourceTree = "<group>";
		};
		CDB4B3B3258C3BF9008364E4 /* Cells */ = {
			isa = PBXGroup;
			children = (
				CDB4B3B4258C3C08008364E4 /* SwitchCell.swift */,
				CDB4B3B6258C3C15008364E4 /* SwitchCell.xib */,
				CDB4B3B8258C3C25008364E4 /* InputCell.swift */,
				CDB4B3BA258C3C2E008364E4 /* InputCell.xib */,
			);
			path = Cells;
			sourceTree = "<group>";
		};
/* End PBXGroup section */

/* Begin PBXNativeTarget section */
		CD8E4EFA258AAB4900EE353C /* SMSwiftSample */ = {
			isa = PBXNativeTarget;
			buildConfigurationList = CD8E4F0F258AAB4A00EE353C /* Build configuration list for PBXNativeTarget "SMSwiftSample" */;
			buildPhases = (
				CD8E4EF7258AAB4900EE353C /* Sources */,
				CD8E4EF8258AAB4900EE353C /* Frameworks */,
				CD8E4EF9258AAB4900EE353C /* Resources */,
				CD8E4F17258AAD0700EE353C /* Embed Frameworks */,
				CDA7F74425BE5CB100DCE6D0 /* Strip Unused Architectures */,
			);
			buildRules = (
			);
			dependencies = (
			);
			name = SMSwiftSample;
			packageProductDependencies = (
				CDB4B3C1259030DD008364E4 /* SwiftJWT */,
				CD66F62725E36253005F6F7B /* Starscream */,
				CD66F63325E362CD005F6F7B /* AnyCodable */,
				CD044B4E25E85E31009195DE /* SMDarwin */,
				CDA1A732269554B700CB0C85 /* WebRTC */,
			);
			productName = SMSwiftSample;
			productReference = CD8E4EFB258AAB4900EE353C /* SMSwiftSample.app */;
			productType = "com.apple.product-type.application";
		};
/* End PBXNativeTarget section */

/* Begin PBXProject section */
		CD8E4EF3258AAB4900EE353C /* Project object */ = {
			isa = PBXProject;
			attributes = {
				LastSwiftUpdateCheck = 1230;
				LastUpgradeCheck = 1230;
				TargetAttributes = {
					CD8E4EFA258AAB4900EE353C = {
						CreatedOnToolsVersion = 12.3;
					};
				};
			};
			buildConfigurationList = CD8E4EF6258AAB4900EE353C /* Build configuration list for PBXProject "SMSwiftSample" */;
			compatibilityVersion = "Xcode 9.3";
			developmentRegion = en;
			hasScannedForEncodings = 0;
			knownRegions = (
				en,
				Base,
			);
			mainGroup = CD8E4EF2258AAB4900EE353C;
			packageReferences = (
				CDB4B3C0259030DD008364E4 /* XCRemoteSwiftPackageReference "Swift-JWT" */,
				CD66F62625E36253005F6F7B /* XCRemoteSwiftPackageReference "Starscream" */,
				CD66F63225E362CD005F6F7B /* XCRemoteSwiftPackageReference "AnyCodable" */,
				CD044B4D25E85E31009195DE /* XCRemoteSwiftPackageReference "SMDarwin" */,
				CDA1A731269554B700CB0C85 /* XCRemoteSwiftPackageReference "WebRTC_iOS" */,
			);
			productRefGroup = CD8E4EFC258AAB4900EE353C /* Products */;
			projectDirPath = "";
			projectRoot = "";
			targets = (
				CD8E4EFA258AAB4900EE353C /* SMSwiftSample */,
			);
		};
/* End PBXProject section */

/* Begin PBXResourcesBuildPhase section */
		CD8E4EF9258AAB4900EE353C /* Resources */ = {
			isa = PBXResourcesBuildPhase;
			buildActionMask = 2147483647;
			files = (
				CDB4B3BB258C3C2E008364E4 /* InputCell.xib in Resources */,
				CDB4B3BF258C4D51008364E4 /* Localizable.strings in Resources */,
				CD8E4F0B258AAB4A00EE353C /* LaunchScreen.storyboard in Resources */,
				CDB4B3B7258C3C15008364E4 /* SwitchCell.xib in Resources */,
				CD8E4F08258AAB4A00EE353C /* Assets.xcassets in Resources */,
				CD8E4F06258AAB4900EE353C /* Main.storyboard in Resources */,
			);
			runOnlyForDeploymentPostprocessing = 0;
		};
/* End PBXResourcesBuildPhase section */

/* Begin PBXShellScriptBuildPhase section */
		CDA7F74425BE5CB100DCE6D0 /* Strip Unused Architectures */ = {
			isa = PBXShellScriptBuildPhase;
			buildActionMask = 2147483647;
			files = (
			);
			inputFileListPaths = (
			);
			inputPaths = (
			);
			name = "Strip Unused Architectures";
			outputFileListPaths = (
			);
			outputPaths = (
			);
			runOnlyForDeploymentPostprocessing = 0;
			shellPath = /bin/sh;
			shellScript = "echo \"Target architectures: $ARCHS\"\n\nAPP_PATH=\"${TARGET_BUILD_DIR}/${WRAPPER_NAME}\"\n\nfind \"$APP_PATH\" -name '*.framework' -type d | while read -r FRAMEWORK\ndo\nFRAMEWORK_EXECUTABLE_NAME=$(defaults read \"$FRAMEWORK/Info.plist\" CFBundleExecutable)\nFRAMEWORK_EXECUTABLE_PATH=\"$FRAMEWORK/$FRAMEWORK_EXECUTABLE_NAME\"\necho \"Executable is $FRAMEWORK_EXECUTABLE_PATH\"\necho $(lipo -info \"$FRAMEWORK_EXECUTABLE_PATH\")\n\nFRAMEWORK_TMP_PATH=\"$FRAMEWORK_EXECUTABLE_PATH-tmp\"\n\n# remove simulator's archs if location is not simulator's directory\ncase \"${TARGET_BUILD_DIR}\" in\n*\"iphonesimulator\")\n    echo \"No need to remove archs\"\n    ;;\n*)\n    if $(lipo \"$FRAMEWORK_EXECUTABLE_PATH\" -verify_arch \"i386\") ; then\n    lipo -output \"$FRAMEWORK_TMP_PATH\" -remove \"i386\" \"$FRAMEWORK_EXECUTABLE_PATH\"\n    echo \"i386 architecture removed\"\n    rm \"$FRAMEWORK_EXECUTABLE_PATH\"\n    mv \"$FRAMEWORK_TMP_PATH\" \"$FRAMEWORK_EXECUTABLE_PATH\"\n    fi\n    if $(lipo \"$FRAMEWORK_EXECUTABLE_PATH\" -verify_arch \"x86_64\") ; then\n    lipo -output \"$FRAMEWORK_TMP_PATH\" -remove \"x86_64\" \"$FRAMEWORK_EXECUTABLE_PATH\"\n    echo \"x86_64 architecture removed\"\n    rm \"$FRAMEWORK_EXECUTABLE_PATH\"\n    mv \"$FRAMEWORK_TMP_PATH\" \"$FRAMEWORK_EXECUTABLE_PATH\"\n    fi\n    ;;\nesac\n\necho \"Completed for executable $FRAMEWORK_EXECUTABLE_PATH\"\necho $(lipo -info \"$FRAMEWORK_EXECUTABLE_PATH\")\n\ndone\n";
		};
/* End PBXShellScriptBuildPhase section */

/* Begin PBXSourcesBuildPhase section */
		CD8E4EF7258AAB4900EE353C /* Sources */ = {
			isa = PBXSourcesBuildPhase;
			buildActionMask = 2147483647;
			files = (
				CD8E4F03258AAB4900EE353C /* ViewController.swift in Sources */,
				CDB4B3BD258C4CC5008364E4 /* ConfigId.swift in Sources */,
				CD8E4EFF258AAB4900EE353C /* AppDelegate.swift in Sources */,
				CD8E4F01258AAB4900EE353C /* SceneDelegate.swift in Sources */,
				CD8E4F1A258AE5A900EE353C /* SettingsViewController.swift in Sources */,
				CDB4B3B9258C3C25008364E4 /* InputCell.swift in Sources */,
				CDB4B3B5258C3C08008364E4 /* SwitchCell.swift in Sources */,
			);
			runOnlyForDeploymentPostprocessing = 0;
		};
/* End PBXSourcesBuildPhase section */

/* Begin PBXVariantGroup section */
		CD8E4F04258AAB4900EE353C /* Main.storyboard */ = {
			isa = PBXVariantGroup;
			children = (
				CD8E4F05258AAB4900EE353C /* Base */,
			);
			name = Main.storyboard;
			sourceTree = "<group>";
		};
		CD8E4F09258AAB4A00EE353C /* LaunchScreen.storyboard */ = {
			isa = PBXVariantGroup;
			children = (
				CD8E4F0A258AAB4A00EE353C /* Base */,
			);
			name = LaunchScreen.storyboard;
			sourceTree = "<group>";
		};
/* End PBXVariantGroup section */

/* Begin XCBuildConfiguration section */
		CD8E4F0D258AAB4A00EE353C /* Debug */ = {
			isa = XCBuildConfiguration;
			buildSettings = {
				ALWAYS_SEARCH_USER_PATHS = NO;
				CLANG_ANALYZER_NONNULL = YES;
				CLANG_ANALYZER_NUMBER_OBJECT_CONVERSION = YES_AGGRESSIVE;
				CLANG_CXX_LANGUAGE_STANDARD = "gnu++14";
				CLANG_CXX_LIBRARY = "libc++";
				CLANG_ENABLE_MODULES = YES;
				CLANG_ENABLE_OBJC_ARC = YES;
				CLANG_ENABLE_OBJC_WEAK = YES;
				CLANG_WARN_BLOCK_CAPTURE_AUTORELEASING = YES;
				CLANG_WARN_BOOL_CONVERSION = YES;
				CLANG_WARN_COMMA = YES;
				CLANG_WARN_CONSTANT_CONVERSION = YES;
				CLANG_WARN_DEPRECATED_OBJC_IMPLEMENTATIONS = YES;
				CLANG_WARN_DIRECT_OBJC_ISA_USAGE = YES_ERROR;
				CLANG_WARN_DOCUMENTATION_COMMENTS = YES;
				CLANG_WARN_EMPTY_BODY = YES;
				CLANG_WARN_ENUM_CONVERSION = YES;
				CLANG_WARN_INFINITE_RECURSION = YES;
				CLANG_WARN_INT_CONVERSION = YES;
				CLANG_WARN_NON_LITERAL_NULL_CONVERSION = YES;
				CLANG_WARN_OBJC_IMPLICIT_RETAIN_SELF = YES;
				CLANG_WARN_OBJC_LITERAL_CONVERSION = YES;
				CLANG_WARN_OBJC_ROOT_CLASS = YES_ERROR;
				CLANG_WARN_QUOTED_INCLUDE_IN_FRAMEWORK_HEADER = YES;
				CLANG_WARN_RANGE_LOOP_ANALYSIS = YES;
				CLANG_WARN_STRICT_PROTOTYPES = YES;
				CLANG_WARN_SUSPICIOUS_MOVE = YES;
				CLANG_WARN_UNGUARDED_AVAILABILITY = YES_AGGRESSIVE;
				CLANG_WARN_UNREACHABLE_CODE = YES;
				CLANG_WARN__DUPLICATE_METHOD_MATCH = YES;
				COPY_PHASE_STRIP = NO;
				DEBUG_INFORMATION_FORMAT = dwarf;
				ENABLE_BITCODE = NO;
				ENABLE_STRICT_OBJC_MSGSEND = YES;
				ENABLE_TESTABILITY = YES;
				FRAMEWORK_SEARCH_PATHS = "$(inherited)";
				GCC_C_LANGUAGE_STANDARD = gnu11;
				GCC_DYNAMIC_NO_PIC = NO;
				GCC_NO_COMMON_BLOCKS = YES;
				GCC_OPTIMIZATION_LEVEL = 0;
				GCC_PREPROCESSOR_DEFINITIONS = (
					"DEBUG=1",
					"$(inherited)",
				);
				GCC_WARN_64_TO_32_BIT_CONVERSION = YES;
				GCC_WARN_ABOUT_RETURN_TYPE = YES_ERROR;
				GCC_WARN_UNDECLARED_SELECTOR = YES;
				GCC_WARN_UNINITIALIZED_AUTOS = YES_AGGRESSIVE;
				GCC_WARN_UNUSED_FUNCTION = YES;
				GCC_WARN_UNUSED_VARIABLE = YES;
				IPHONEOS_DEPLOYMENT_TARGET = 14.1;
				MTL_ENABLE_DEBUG_INFO = INCLUDE_SOURCE;
				MTL_FAST_MATH = YES;
				ONLY_ACTIVE_ARCH = YES;
				SDKROOT = iphoneos;
				SWIFT_ACTIVE_COMPILATION_CONDITIONS = DEBUG;
				SWIFT_OPTIMIZATION_LEVEL = "-Onone";
			};
			name = Debug;
		};
		CD8E4F0E258AAB4A00EE353C /* Release */ = {
			isa = XCBuildConfiguration;
			buildSettings = {
				ALWAYS_SEARCH_USER_PATHS = NO;
				CLANG_ANALYZER_NONNULL = YES;
				CLANG_ANALYZER_NUMBER_OBJECT_CONVERSION = YES_AGGRESSIVE;
				CLANG_CXX_LANGUAGE_STANDARD = "gnu++14";
				CLANG_CXX_LIBRARY = "libc++";
				CLANG_ENABLE_MODULES = YES;
				CLANG_ENABLE_OBJC_ARC = YES;
				CLANG_ENABLE_OBJC_WEAK = YES;
				CLANG_WARN_BLOCK_CAPTURE_AUTORELEASING = YES;
				CLANG_WARN_BOOL_CONVERSION = YES;
				CLANG_WARN_COMMA = YES;
				CLANG_WARN_CONSTANT_CONVERSION = YES;
				CLANG_WARN_DEPRECATED_OBJC_IMPLEMENTATIONS = YES;
				CLANG_WARN_DIRECT_OBJC_ISA_USAGE = YES_ERROR;
				CLANG_WARN_DOCUMENTATION_COMMENTS = YES;
				CLANG_WARN_EMPTY_BODY = YES;
				CLANG_WARN_ENUM_CONVERSION = YES;
				CLANG_WARN_INFINITE_RECURSION = YES;
				CLANG_WARN_INT_CONVERSION = YES;
				CLANG_WARN_NON_LITERAL_NULL_CONVERSION = YES;
				CLANG_WARN_OBJC_IMPLICIT_RETAIN_SELF = YES;
				CLANG_WARN_OBJC_LITERAL_CONVERSION = YES;
				CLANG_WARN_OBJC_ROOT_CLASS = YES_ERROR;
				CLANG_WARN_QUOTED_INCLUDE_IN_FRAMEWORK_HEADER = YES;
				CLANG_WARN_RANGE_LOOP_ANALYSIS = YES;
				CLANG_WARN_STRICT_PROTOTYPES = YES;
				CLANG_WARN_SUSPICIOUS_MOVE = YES;
				CLANG_WARN_UNGUARDED_AVAILABILITY = YES_AGGRESSIVE;
				CLANG_WARN_UNREACHABLE_CODE = YES;
				CLANG_WARN__DUPLICATE_METHOD_MATCH = YES;
				COPY_PHASE_STRIP = NO;
				DEBUG_INFORMATION_FORMAT = "dwarf-with-dsym";
				ENABLE_BITCODE = NO;
				ENABLE_NS_ASSERTIONS = NO;
				ENABLE_STRICT_OBJC_MSGSEND = YES;
				FRAMEWORK_SEARCH_PATHS = "$(inherited)";
				GCC_C_LANGUAGE_STANDARD = gnu11;
				GCC_NO_COMMON_BLOCKS = YES;
				GCC_WARN_64_TO_32_BIT_CONVERSION = YES;
				GCC_WARN_ABOUT_RETURN_TYPE = YES_ERROR;
				GCC_WARN_UNDECLARED_SELECTOR = YES;
				GCC_WARN_UNINITIALIZED_AUTOS = YES_AGGRESSIVE;
				GCC_WARN_UNUSED_FUNCTION = YES;
				GCC_WARN_UNUSED_VARIABLE = YES;
				IPHONEOS_DEPLOYMENT_TARGET = 14.1;
				MTL_ENABLE_DEBUG_INFO = NO;
				MTL_FAST_MATH = YES;
				SDKROOT = iphoneos;
				SWIFT_COMPILATION_MODE = wholemodule;
				SWIFT_OPTIMIZATION_LEVEL = "-O";
				VALIDATE_PRODUCT = YES;
			};
			name = Release;
		};
		CD8E4F10258AAB4A00EE353C /* Debug */ = {
			isa = XCBuildConfiguration;
			buildSettings = {
				ASSETCATALOG_COMPILER_APPICON_NAME = AppIcon;
				ASSETCATALOG_COMPILER_GLOBAL_ACCENT_COLOR_NAME = AccentColor;
				CODE_SIGN_IDENTITY = "Apple Development";
				CODE_SIGN_STYLE = Automatic;
				CURRENT_PROJECT_VERSION = 4;
				DEVELOPMENT_TEAM = RE5P698JQD;
				INFOPLIST_FILE = SMSwiftSample/Info.plist;
				IPHONEOS_DEPLOYMENT_TARGET = 14.1;
				LD_RUNPATH_SEARCH_PATHS = (
					"$(inherited)",
					"@executable_path/Frameworks",
				);
				MARKETING_VERSION = 1;
				PRODUCT_BUNDLE_IDENTIFIER = com.soulmachines.sdkswiftsample;
				PRODUCT_NAME = "$(TARGET_NAME)";
				PROVISIONING_PROFILE_SPECIFIER = "";
				SWIFT_VERSION = 5.0;
				TARGETED_DEVICE_FAMILY = "1,2";
			};
			name = Debug;
		};
		CD8E4F11258AAB4A00EE353C /* Release */ = {
			isa = XCBuildConfiguration;
			buildSettings = {
				ASSETCATALOG_COMPILER_APPICON_NAME = AppIcon;
				ASSETCATALOG_COMPILER_GLOBAL_ACCENT_COLOR_NAME = AccentColor;
				CODE_SIGN_IDENTITY = "Apple Development";
				CODE_SIGN_STYLE = Automatic;
				CURRENT_PROJECT_VERSION = 4;
				DEVELOPMENT_TEAM = RE5P698JQD;
				INFOPLIST_FILE = SMSwiftSample/Info.plist;
				IPHONEOS_DEPLOYMENT_TARGET = 14.1;
				LD_RUNPATH_SEARCH_PATHS = (
					"$(inherited)",
					"@executable_path/Frameworks",
				);
				MARKETING_VERSION = 1;
				PRODUCT_BUNDLE_IDENTIFIER = com.soulmachines.sdkswiftsample;
				PRODUCT_NAME = "$(TARGET_NAME)";
				PROVISIONING_PROFILE_SPECIFIER = "";
				SWIFT_VERSION = 5.0;
				TARGETED_DEVICE_FAMILY = "1,2";
			};
			name = Release;
		};
/* End XCBuildConfiguration section */

/* Begin XCConfigurationList section */
		CD8E4EF6258AAB4900EE353C /* Build configuration list for PBXProject "SMSwiftSample" */ = {
			isa = XCConfigurationList;
			buildConfigurations = (
				CD8E4F0D258AAB4A00EE353C /* Debug */,
				CD8E4F0E258AAB4A00EE353C /* Release */,
			);
			defaultConfigurationIsVisible = 0;
			defaultConfigurationName = Release;
		};
		CD8E4F0F258AAB4A00EE353C /* Build configuration list for PBXNativeTarget "SMSwiftSample" */ = {
			isa = XCConfigurationList;
			buildConfigurations = (
				CD8E4F10258AAB4A00EE353C /* Debug */,
				CD8E4F11258AAB4A00EE353C /* Release */,
			);
			defaultConfigurationIsVisible = 0;
			defaultConfigurationName = Release;
		};
/* End XCConfigurationList section */

/* Begin XCRemoteSwiftPackageReference section */
		CD044B4D25E85E31009195DE /* XCRemoteSwiftPackageReference "SMDarwin" */ = {
			isa = XCRemoteSwiftPackageReference;
			repositoryURL = "git@github.com:soulmachines/SMDarwin.git";
			requirement = {
				kind = upToNextMajorVersion;
				minimumVersion = 1.0.4;
			};
		};
		CD66F62625E36253005F6F7B /* XCRemoteSwiftPackageReference "Starscream" */ = {
			isa = XCRemoteSwiftPackageReference;
			repositoryURL = "https://github.com/daltoniam/Starscream.git";
			requirement = {
				kind = upToNextMajorVersion;
				minimumVersion = 4.0.4;
			};
		};
		CD66F63225E362CD005F6F7B /* XCRemoteSwiftPackageReference "AnyCodable" */ = {
			isa = XCRemoteSwiftPackageReference;
			repositoryURL = "https://github.com/Flight-School/AnyCodable";
			requirement = {
				kind = upToNextMajorVersion;
				minimumVersion = 0.4.0;
			};
		};
		CDA1A731269554B700CB0C85 /* XCRemoteSwiftPackageReference "WebRTC_iOS" */ = {
			isa = XCRemoteSwiftPackageReference;
			repositoryURL = "git@github.com:soulmachines/WebRTC_iOS.git";
			requirement = {
				kind = upToNextMajorVersion;
				minimumVersion = 1.0.0;
			};
		};
		CDB4B3C0259030DD008364E4 /* XCRemoteSwiftPackageReference "Swift-JWT" */ = {
			isa = XCRemoteSwiftPackageReference;
			repositoryURL = "https://github.com/Kitura/Swift-JWT.git";
			requirement = {
				kind = upToNextMajorVersion;
				minimumVersion = 3.6.200;
			};
		};
/* End XCRemoteSwiftPackageReference section */

/* Begin XCSwiftPackageProductDependency section */
		CD044B4E25E85E31009195DE /* SMDarwin */ = {
			isa = XCSwiftPackageProductDependency;
			package = CD044B4D25E85E31009195DE /* XCRemoteSwiftPackageReference "SMDarwin" */;
			productName = SMDarwin;
		};
		CD66F62725E36253005F6F7B /* Starscream */ = {
			isa = XCSwiftPackageProductDependency;
			package = CD66F62625E36253005F6F7B /* XCRemoteSwiftPackageReference "Starscream" */;
			productName = Starscream;
		};
		CD66F63325E362CD005F6F7B /* AnyCodable */ = {
			isa = XCSwiftPackageProductDependency;
			package = CD66F63225E362CD005F6F7B /* XCRemoteSwiftPackageReference "AnyCodable" */;
			productName = AnyCodable;
		};
		CDA1A732269554B700CB0C85 /* WebRTC */ = {
			isa = XCSwiftPackageProductDependency;
			package = CDA1A731269554B700CB0C85 /* XCRemoteSwiftPackageReference "WebRTC_iOS" */;
			productName = WebRTC;
		};
		CDB4B3C1259030DD008364E4 /* SwiftJWT */ = {
			isa = XCSwiftPackageProductDependency;
			package = CDB4B3C0259030DD008364E4 /* XCRemoteSwiftPackageReference "Swift-JWT" */;
			productName = SwiftJWT;
		};
/* End XCSwiftPackageProductDependency section */
	};
	rootObject = CD8E4EF3258AAB4900EE353C /* Project object */;
}
